
Microsoft Visual Studio Solution File, Format Version 12.00
# Visual Studio Version 17
VisualStudioVersion = 17.0.31903.59
MinimumVisualStudioVersion = 10.0.40219.1
Project("{2150E333-8FDC-42A3-9474-1A3956D46DE8}") = "src", "src", "{9D895B7C-2775-400C-8B13-7D108048B695}"
EndProject
Project("{9A19103F-16F7-4668-BE54-9A1E7A4F7556}") = "TeconTest.WebAPI", "src\TeconTest.WebAPI\TeconTest.WebAPI.csproj", "{9419A8BC-D3CC-4497-BD88-2AEBBBB88F19}"
EndProject
Project("{FAE04EC0-301F-11D3-BF4B-00C04F79EFBC}") = "TeconTest.Tests", "src\TeconTest.Tests\TeconTest.Tests.csproj", "{C7F46F5B-24E3-4689-B880-7D9354239B28}"
EndProject
Global
	GlobalSection(SolutionConfigurationPlatforms) = preSolution
		Debug|Any CPU = Debug|Any CPU
		Release|Any CPU = Release|Any CPU
	EndGlobalSection
	GlobalSection(ProjectConfigurationPlatforms) = postSolution
		{9419A8BC-D3CC-4497-BD88-2AEBBBB88F19}.Debug|Any CPU.ActiveCfg = Debug|Any CPU
		{9419A8BC-D3CC-4497-BD88-2AEBBBB88F19}.Debug|Any CPU.Build.0 = Debug|Any CPU
		{9419A8BC-D3CC-4497-BD88-2AEBBBB88F19}.Release|Any CPU.ActiveCfg = Release|Any CPU
		{9419A8BC-D3CC-4497-BD88-2AEBBBB88F19}.Release|Any CPU.Build.0 = Release|Any CPU
		{C7F46F5B-24E3-4689-B880-7D9354239B28}.Debug|Any CPU.ActiveCfg = Debug|Any CPU
		{C7F46F5B-24E3-4689-B880-7D9354239B28}.Debug|Any CPU.Build.0 = Debug|Any CPU
		{C7F46F5B-24E3-4689-B880-7D9354239B28}.Release|Any CPU.ActiveCfg = Release|Any CPU
		{C7F46F5B-24E3-4689-B880-7D9354239B28}.Release|Any CPU.Build.0 = Release|Any CPU
	EndGlobalSection
	GlobalSection(SolutionProperties) = preSolution
		HideSolutionNode = FALSE
	EndGlobalSection
	GlobalSection(NestedProjects) = preSolution
		{9419A8BC-D3CC-4497-BD88-2AEBBBB88F19} = {9D895B7C-2775-400C-8B13-7D108048B695}
		{C7F46F5B-24E3-4689-B880-7D9354239B28} = {9D895B7C-2775-400C-8B13-7D108048B695}
	EndGlobalSection
	GlobalSection(ExtensibilityGlobals) = postSolution
		SolutionGuid = {37111878-BE76-4A32-A96C-0B459B53C72C}
	EndGlobalSection
EndGlobal
